
Microsoft Visual Studio Solution File, Format Version 12.00
# Visual Studio Version 17
VisualStudioVersion = 17.5.33424.131
MinimumVisualStudioVersion = 10.0.40219.1
Project("{8BC9CEB8-8B4A-11D0-8D11-00A0C91BC942}") = "ParadigmaOOP2", "ParadigmaOOP2.vcxproj", "{EDD8F476-055D-49FA-8208-4DB998CFF2E3}"
EndProject
Project("{8BC9CEB8-8B4A-11D0-8D11-00A0C91BC942}") = "SOLVEMULTIWARIS", "SOLVEMULTIWARIS\SOLVEMULTIWARIS.vcxproj", "{0CE806B7-4261-4513-9CD2-62CFF9601E87}"
EndProject
Project("{8BC9CEB8-8B4A-11D0-8D11-00A0C91BC942}") = "PolyMorphism", "PolyMorphism\PolyMorphism.vcxproj", "{1C7ED945-0E13-4F69-A7B1-BFB8DC501D85}"
EndProject
Global
	GlobalSection(SolutionConfigurationPlatforms) = preSolution
		Debug|x64 = Debug|x64
		Debug|x86 = Debug|x86
		Release|x64 = Release|x64
		Release|x86 = Release|x86
	EndGlobalSection
	GlobalSection(ProjectConfigurationPlatforms) = postSolution
		{EDD8F476-055D-49FA-8208-4DB998CFF2E3}.Debug|x64.ActiveCfg = Debug|x64
		{EDD8F476-055D-49FA-8208-4DB998CFF2E3}.Debug|x64.Build.0 = Debug|x64
		{EDD8F476-055D-49FA-8208-4DB998CFF2E3}.Debug|x86.ActiveCfg = Debug|Win32
		{EDD8F476-055D-49FA-8208-4DB998CFF2E3}.Debug|x86.Build.0 = Debug|Win32
		{EDD8F476-055D-49FA-8208-4DB998CFF2E3}.Release|x64.ActiveCfg = Release|x64
		{EDD8F476-055D-49FA-8208-4DB998CFF2E3}.Release|x64.Build.0 = Release|x64
		{EDD8F476-055D-49FA-8208-4DB998CFF2E3}.Release|x86.ActiveCfg = Release|Win32
		{EDD8F476-055D-49FA-8208-4DB998CFF2E3}.Release|x86.Build.0 = Release|Win32
		{0CE806B7-4261-4513-9CD2-62CFF9601E87}.Debug|x64.ActiveCfg = Debug|x64
		{0CE806B7-4261-4513-9CD2-62CFF9601E87}.Debug|x64.Build.0 = Debug|x64
		{0CE806B7-4261-4513-9CD2-62CFF9601E87}.Debug|x86.ActiveCfg = Debug|Win32
		{0CE806B7-4261-4513-9CD2-62CFF9601E87}.Debug|x86.Build.0 = Debug|Win32
		{0CE806B7-4261-4513-9CD2-62CFF9601E87}.Release|x64.ActiveCfg = Release|x64
		{0CE806B7-4261-4513-9CD2-62CFF9601E87}.Release|x64.Build.0 = Release|x64
		{0CE806B7-4261-4513-9CD2-62CFF9601E87}.Release|x86.ActiveCfg = Release|Win32
		{0CE806B7-4261-4513-9CD2-62CFF9601E87}.Release|x86.Build.0 = Release|Win32
		{1C7ED945-0E13-4F69-A7B1-BFB8DC501D85}.Debug|x64.ActiveCfg = Debug|x64
		{1C7ED945-0E13-4F69-A7B1-BFB8DC501D85}.Debug|x64.Build.0 = Debug|x64
		{1C7ED945-0E13-4F69-A7B1-BFB8DC501D85}.Debug|x86.ActiveCfg = Debug|Win32
		{1C7ED945-0E13-4F69-A7B1-BFB8DC501D85}.Debug|x86.Build.0 = Debug|Win32
		{1C7ED945-0E13-4F69-A7B1-BFB8DC501D85}.Release|x64.ActiveCfg = Release|x64
		{1C7ED945-0E13-4F69-A7B1-BFB8DC501D85}.Release|x64.Build.0 = Release|x64
		{1C7ED945-0E13-4F69-A7B1-BFB8DC501D85}.Release|x86.ActiveCfg = Release|Win32
		{1C7ED945-0E13-4F69-A7B1-BFB8DC501D85}.Release|x86.Build.0 = Release|Win32
	EndGlobalSection
	GlobalSection(SolutionProperties) = preSolution
		HideSolutionNode = FALSE
	EndGlobalSection
	GlobalSection(ExtensibilityGlobals) = postSolution
		SolutionGuid = {BD9AA67B-49F8-48B8-AC2B-C8A9595EC716}
	EndGlobalSection
EndGlobal
